
Microsoft Visual Studio Solution File, Format Version 12.00
# Visual Studio Version 17
VisualStudioVersion = 17.9.34728.123
MinimumVisualStudioVersion = 10.0.40219.1
Project("{FAE04EC0-301F-11D3-BF4B-00C04F79EFBC}") = "Dairy.API", "Dairy.API.csproj", "{BBB762D5-07EF-44F8-9A02-441E4F88A374}"
EndProject
Global
	GlobalSection(SolutionConfigurationPlatforms) = preSolution
		Debug|Any CPU = Debug|Any CPU
		Release|Any CPU = Release|Any CPU
	EndGlobalSection
	GlobalSection(ProjectConfigurationPlatforms) = postSolution
		{BBB762D5-07EF-44F8-9A02-441E4F88A374}.Debug|Any CPU.ActiveCfg = Debug|Any CPU
		{BBB762D5-07EF-44F8-9A02-441E4F88A374}.Debug|Any CPU.Build.0 = Debug|Any CPU
		{BBB762D5-07EF-44F8-9A02-441E4F88A374}.Release|Any CPU.ActiveCfg = Release|Any CPU
		{BBB762D5-07EF-44F8-9A02-441E4F88A374}.Release|Any CPU.Build.0 = Release|Any CPU
	EndGlobalSection
	GlobalSection(SolutionProperties) = preSolution
		HideSolutionNode = FALSE
	EndGlobalSection
	GlobalSection(ExtensibilityGlobals) = postSolution
		SolutionGuid = {F894DD1F-4FA8-48EE-A780-4F44673C22ED}
	EndGlobalSection
EndGlobal
